
Microsoft Visual Studio Solution File, Format Version 12.00
Project("{FAE04EC0-301F-11D3-BF4B-00C04F79EFBC}") = "RazorPages", "RazorPages\RazorPages.csproj", "{684252D1-8A82-4CB6-9B67-64CA71F0A90C}"
EndProject
Project("{FAE04EC0-301F-11D3-BF4B-00C04F79EFBC}") = "DemoLibrary", "DemoLibrary\DemoLibrary.csproj", "{4BA035AF-F4FC-420D-A943-01625CFAD590}"
EndProject
Global
	GlobalSection(SolutionConfigurationPlatforms) = preSolution
		Debug|Any CPU = Debug|Any CPU
		Release|Any CPU = Release|Any CPU
	EndGlobalSection
	GlobalSection(ProjectConfigurationPlatforms) = postSolution
		{684252D1-8A82-4CB6-9B67-64CA71F0A90C}.Debug|Any CPU.ActiveCfg = Debug|Any CPU
		{684252D1-8A82-4CB6-9B67-64CA71F0A90C}.Debug|Any CPU.Build.0 = Debug|Any CPU
		{684252D1-8A82-4CB6-9B67-64CA71F0A90C}.Release|Any CPU.ActiveCfg = Release|Any CPU
		{684252D1-8A82-4CB6-9B67-64CA71F0A90C}.Release|Any CPU.Build.0 = Release|Any CPU
		{4BA035AF-F4FC-420D-A943-01625CFAD590}.Debug|Any CPU.ActiveCfg = Debug|Any CPU
		{4BA035AF-F4FC-420D-A943-01625CFAD590}.Debug|Any CPU.Build.0 = Debug|Any CPU
		{4BA035AF-F4FC-420D-A943-01625CFAD590}.Release|Any CPU.ActiveCfg = Release|Any CPU
		{4BA035AF-F4FC-420D-A943-01625CFAD590}.Release|Any CPU.Build.0 = Release|Any CPU
	EndGlobalSection
EndGlobal
